
Microsoft Visual Studio Solution File, Format Version 12.00
# Visual Studio 14
VisualStudioVersion = 14.0.23107.0
MinimumVisualStudioVersion = 10.0.40219.1
Project("{F2A71F9B-5D33-465A-A702-920D77279786}") = "WkLaufen.Website", "WkLaufen.Website\WkLaufen.Website.fsproj", "{7D72199C-B2BF-4A8B-A759-CCDAEF7DF799}"
EndProject
Project("{F2A71F9B-5D33-465A-A702-920D77279786}") = "WkLaufen.Website.Extensions", "WkLaufen.Website.Extensions\WkLaufen.Website.Extensions.fsproj", "{80CF6044-3B57-4DD4-BD14-8763E7E0B563}"
EndProject
Global
	GlobalSection(SolutionConfigurationPlatforms) = preSolution
		Debug|Any CPU = Debug|Any CPU
		Release|Any CPU = Release|Any CPU
	EndGlobalSection
	GlobalSection(ProjectConfigurationPlatforms) = postSolution
		{7D72199C-B2BF-4A8B-A759-CCDAEF7DF799}.Debug|Any CPU.ActiveCfg = Debug|Any CPU
		{7D72199C-B2BF-4A8B-A759-CCDAEF7DF799}.Debug|Any CPU.Build.0 = Debug|Any CPU
		{7D72199C-B2BF-4A8B-A759-CCDAEF7DF799}.Release|Any CPU.ActiveCfg = Release|Any CPU
		{7D72199C-B2BF-4A8B-A759-CCDAEF7DF799}.Release|Any CPU.Build.0 = Release|Any CPU
		{80CF6044-3B57-4DD4-BD14-8763E7E0B563}.Debug|Any CPU.ActiveCfg = Debug|Any CPU
		{80CF6044-3B57-4DD4-BD14-8763E7E0B563}.Debug|Any CPU.Build.0 = Debug|Any CPU
		{80CF6044-3B57-4DD4-BD14-8763E7E0B563}.Release|Any CPU.ActiveCfg = Release|Any CPU
		{80CF6044-3B57-4DD4-BD14-8763E7E0B563}.Release|Any CPU.Build.0 = Release|Any CPU
	EndGlobalSection
	GlobalSection(SolutionProperties) = preSolution
		HideSolutionNode = FALSE
	EndGlobalSection
EndGlobal
