
Microsoft Visual Studio Solution File, Format Version 12.00
# Visual Studio 14
VisualStudioVersion = 14.0.25420.1
MinimumVisualStudioVersion = 10.0.40219.1
Project("{F2A71F9B-5D33-465A-A702-920D77279786}") = "Common", "Common\Common.fsproj", "{BA71A3E8-EF0F-4EF9-9558-1495EC35CF8E}"
EndProject
Project("{F2A71F9B-5D33-465A-A702-920D77279786}") = "Build", "Build\Build.fsproj", "{8DE6B990-0785-4572-9E32-D4F43B7041AD}"
EndProject
Project("{F2A71F9B-5D33-465A-A702-920D77279786}") = "CropImages", "CropImages\CropImages.fsproj", "{2DBB568F-C24A-4359-B68D-B1FD33C2AFD7}"
EndProject
Project("{F2A71F9B-5D33-465A-A702-920D77279786}") = "ImportActivities", "ImportActivities\ImportActivities.fsproj", "{79A93211-1FBF-4CCE-8712-654258299591}"
EndProject
Project("{F2A71F9B-5D33-465A-A702-920D77279786}") = "ImportMemberPhotos", "ImportMemberPhotos\ImportMemberPhotos.fsproj", "{A6057588-3EAA-4FD2-9753-A67C9E18F61B}"
EndProject
Project("{F2A71F9B-5D33-465A-A702-920D77279786}") = "Bmf2017", "Bmf2017\Bmf2017.fsproj", "{549F62B1-752F-4A6D-90B1-52D3A6DFE392}"
EndProject
Global
	GlobalSection(SolutionConfigurationPlatforms) = preSolution
		Debug|Any CPU = Debug|Any CPU
		Release|Any CPU = Release|Any CPU
	EndGlobalSection
	GlobalSection(ProjectConfigurationPlatforms) = postSolution
		{BA71A3E8-EF0F-4EF9-9558-1495EC35CF8E}.Debug|Any CPU.ActiveCfg = Debug|Any CPU
		{BA71A3E8-EF0F-4EF9-9558-1495EC35CF8E}.Debug|Any CPU.Build.0 = Debug|Any CPU
		{BA71A3E8-EF0F-4EF9-9558-1495EC35CF8E}.Release|Any CPU.ActiveCfg = Release|Any CPU
		{BA71A3E8-EF0F-4EF9-9558-1495EC35CF8E}.Release|Any CPU.Build.0 = Release|Any CPU
		{8DE6B990-0785-4572-9E32-D4F43B7041AD}.Debug|Any CPU.ActiveCfg = Debug|Any CPU
		{8DE6B990-0785-4572-9E32-D4F43B7041AD}.Debug|Any CPU.Build.0 = Debug|Any CPU
		{8DE6B990-0785-4572-9E32-D4F43B7041AD}.Release|Any CPU.ActiveCfg = Release|Any CPU
		{8DE6B990-0785-4572-9E32-D4F43B7041AD}.Release|Any CPU.Build.0 = Release|Any CPU
		{2DBB568F-C24A-4359-B68D-B1FD33C2AFD7}.Debug|Any CPU.ActiveCfg = Debug|Any CPU
		{2DBB568F-C24A-4359-B68D-B1FD33C2AFD7}.Debug|Any CPU.Build.0 = Debug|Any CPU
		{2DBB568F-C24A-4359-B68D-B1FD33C2AFD7}.Release|Any CPU.ActiveCfg = Release|Any CPU
		{2DBB568F-C24A-4359-B68D-B1FD33C2AFD7}.Release|Any CPU.Build.0 = Release|Any CPU
		{79A93211-1FBF-4CCE-8712-654258299591}.Debug|Any CPU.ActiveCfg = Debug|Any CPU
		{79A93211-1FBF-4CCE-8712-654258299591}.Debug|Any CPU.Build.0 = Debug|Any CPU
		{79A93211-1FBF-4CCE-8712-654258299591}.Release|Any CPU.ActiveCfg = Release|Any CPU
		{79A93211-1FBF-4CCE-8712-654258299591}.Release|Any CPU.Build.0 = Release|Any CPU
		{A6057588-3EAA-4FD2-9753-A67C9E18F61B}.Debug|Any CPU.ActiveCfg = Debug|Any CPU
		{A6057588-3EAA-4FD2-9753-A67C9E18F61B}.Debug|Any CPU.Build.0 = Debug|Any CPU
		{A6057588-3EAA-4FD2-9753-A67C9E18F61B}.Release|Any CPU.ActiveCfg = Release|Any CPU
		{A6057588-3EAA-4FD2-9753-A67C9E18F61B}.Release|Any CPU.Build.0 = Release|Any CPU
		{549F62B1-752F-4A6D-90B1-52D3A6DFE392}.Debug|Any CPU.ActiveCfg = Debug|Any CPU
		{549F62B1-752F-4A6D-90B1-52D3A6DFE392}.Debug|Any CPU.Build.0 = Debug|Any CPU
		{549F62B1-752F-4A6D-90B1-52D3A6DFE392}.Release|Any CPU.ActiveCfg = Release|Any CPU
		{549F62B1-752F-4A6D-90B1-52D3A6DFE392}.Release|Any CPU.Build.0 = Release|Any CPU
	EndGlobalSection
	GlobalSection(SolutionProperties) = preSolution
		HideSolutionNode = FALSE
	EndGlobalSection
EndGlobal
